
Microsoft Visual Studio Solution File, Format Version 12.00
# Visual Studio Version 17
VisualStudioVersion = 17.7.34031.279
MinimumVisualStudioVersion = 10.0.40219.1
Project("{FAE04EC0-301F-11D3-BF4B-00C04F79EFBC}") = "IndianPlatter", "IndianPlatter\IndianPlatter.csproj", "{A722842A-B260-485C-A7B1-68B1963DA162}"
EndProject
Project("{FAE04EC0-301F-11D3-BF4B-00C04F79EFBC}") = "BLL", "BLL\BLL.csproj", "{0A40AC10-CC58-4EFD-8D34-B7D1F2029C67}"
EndProject
Project("{FAE04EC0-301F-11D3-BF4B-00C04F79EFBC}") = "DAL", "DAL\DAL.csproj", "{0A1779B8-FBFC-45E9-9D5E-0DCF01B62EDF}"
EndProject
Global
	GlobalSection(SolutionConfigurationPlatforms) = preSolution
		Debug|Any CPU = Debug|Any CPU
		Release|Any CPU = Release|Any CPU
	EndGlobalSection
	GlobalSection(ProjectConfigurationPlatforms) = postSolution
		{A722842A-B260-485C-A7B1-68B1963DA162}.Debug|Any CPU.ActiveCfg = Debug|Any CPU
		{A722842A-B260-485C-A7B1-68B1963DA162}.Debug|Any CPU.Build.0 = Debug|Any CPU
		{A722842A-B260-485C-A7B1-68B1963DA162}.Release|Any CPU.ActiveCfg = Release|Any CPU
		{A722842A-B260-485C-A7B1-68B1963DA162}.Release|Any CPU.Build.0 = Release|Any CPU
		{0A40AC10-CC58-4EFD-8D34-B7D1F2029C67}.Debug|Any CPU.ActiveCfg = Debug|Any CPU
		{0A40AC10-CC58-4EFD-8D34-B7D1F2029C67}.Debug|Any CPU.Build.0 = Debug|Any CPU
		{0A40AC10-CC58-4EFD-8D34-B7D1F2029C67}.Release|Any CPU.ActiveCfg = Release|Any CPU
		{0A40AC10-CC58-4EFD-8D34-B7D1F2029C67}.Release|Any CPU.Build.0 = Release|Any CPU
		{0A1779B8-FBFC-45E9-9D5E-0DCF01B62EDF}.Debug|Any CPU.ActiveCfg = Debug|Any CPU
		{0A1779B8-FBFC-45E9-9D5E-0DCF01B62EDF}.Debug|Any CPU.Build.0 = Debug|Any CPU
		{0A1779B8-FBFC-45E9-9D5E-0DCF01B62EDF}.Release|Any CPU.ActiveCfg = Release|Any CPU
		{0A1779B8-FBFC-45E9-9D5E-0DCF01B62EDF}.Release|Any CPU.Build.0 = Release|Any CPU
	EndGlobalSection
	GlobalSection(SolutionProperties) = preSolution
		HideSolutionNode = FALSE
	EndGlobalSection
	GlobalSection(ExtensibilityGlobals) = postSolution
		SolutionGuid = {A7D0252D-4B8E-4F99-8E41-2A629A268C27}
	EndGlobalSection
EndGlobal
